
Microsoft Visual Studio Solution File, Format Version 12.00
# Visual Studio Version 16
VisualStudioVersion = 16.0.30717.126
MinimumVisualStudioVersion = 10.0.40219.1
Project("{FAE04EC0-301F-11D3-BF4B-00C04F79EFBC}") = "EjemploEnvioEmailGmail", "EjemploEnvioEmailGmail\EjemploEnvioEmailGmail.csproj", "{A412A32C-E1FD-464B-B052-7F8B659FC38B}"
EndProject
Project("{FAE04EC0-301F-11D3-BF4B-00C04F79EFBC}") = "EjemploEnvioEmailGmailFramework", "EjemploEnvioEmailGmailFramework\EjemploEnvioEmailGmailFramework.csproj", "{5E3D1238-E72C-4788-A3AC-A57CCC2476FF}"
EndProject
Global
	GlobalSection(SolutionConfigurationPlatforms) = preSolution
		Debug|Any CPU = Debug|Any CPU
		Release|Any CPU = Release|Any CPU
	EndGlobalSection
	GlobalSection(ProjectConfigurationPlatforms) = postSolution
		{A412A32C-E1FD-464B-B052-7F8B659FC38B}.Debug|Any CPU.ActiveCfg = Debug|Any CPU
		{A412A32C-E1FD-464B-B052-7F8B659FC38B}.Debug|Any CPU.Build.0 = Debug|Any CPU
		{A412A32C-E1FD-464B-B052-7F8B659FC38B}.Release|Any CPU.ActiveCfg = Release|Any CPU
		{A412A32C-E1FD-464B-B052-7F8B659FC38B}.Release|Any CPU.Build.0 = Release|Any CPU
		{5E3D1238-E72C-4788-A3AC-A57CCC2476FF}.Debug|Any CPU.ActiveCfg = Debug|Any CPU
		{5E3D1238-E72C-4788-A3AC-A57CCC2476FF}.Debug|Any CPU.Build.0 = Debug|Any CPU
		{5E3D1238-E72C-4788-A3AC-A57CCC2476FF}.Release|Any CPU.ActiveCfg = Release|Any CPU
		{5E3D1238-E72C-4788-A3AC-A57CCC2476FF}.Release|Any CPU.Build.0 = Release|Any CPU
	EndGlobalSection
	GlobalSection(SolutionProperties) = preSolution
		HideSolutionNode = FALSE
	EndGlobalSection
	GlobalSection(ExtensibilityGlobals) = postSolution
		SolutionGuid = {2C1CB17B-BBF3-4E6A-8502-F8EC9DCED930}
	EndGlobalSection
EndGlobal
